
Microsoft Visual Studio Solution File, Format Version 12.00
# Visual Studio Version 17
VisualStudioVersion = 17.0.31903.59
MinimumVisualStudioVersion = 10.0.40219.1
Project("{2150E333-8FDC-42A3-9474-1A3956D46DE8}") = "src", "src", "{1F4C6861-A0A9-450F-8B81-27EA1399C558}"
EndProject
Project("{FAE04EC0-301F-11D3-BF4B-00C04F79EFBC}") = "RabbitMQExample", "src\RabbitMQExample\RabbitMQExample.csproj", "{DBF7F387-0E01-4805-ADD9-2B50F1BCAF76}"
EndProject
Global
	GlobalSection(SolutionConfigurationPlatforms) = preSolution
		Debug|Any CPU = Debug|Any CPU
		Release|Any CPU = Release|Any CPU
	EndGlobalSection
	GlobalSection(SolutionProperties) = preSolution
		HideSolutionNode = FALSE
	EndGlobalSection
	GlobalSection(ProjectConfigurationPlatforms) = postSolution
		{DBF7F387-0E01-4805-ADD9-2B50F1BCAF76}.Debug|Any CPU.ActiveCfg = Debug|Any CPU
		{DBF7F387-0E01-4805-ADD9-2B50F1BCAF76}.Debug|Any CPU.Build.0 = Debug|Any CPU
		{DBF7F387-0E01-4805-ADD9-2B50F1BCAF76}.Release|Any CPU.ActiveCfg = Release|Any CPU
		{DBF7F387-0E01-4805-ADD9-2B50F1BCAF76}.Release|Any CPU.Build.0 = Release|Any CPU
	EndGlobalSection
	GlobalSection(NestedProjects) = preSolution
		{DBF7F387-0E01-4805-ADD9-2B50F1BCAF76} = {1F4C6861-A0A9-450F-8B81-27EA1399C558}
	EndGlobalSection
EndGlobal
